
Microsoft Visual Studio Solution File, Format Version 12.00
# Visual Studio Version 17
VisualStudioVersion = 17.6.33801.468
MinimumVisualStudioVersion = 10.0.40219.1
Project("{FAE04EC0-301F-11D3-BF4B-00C04F79EFBC}") = "SzakdolgozatGRPCAdminKliens", "SzakdolgozatGRPCAdminKliens\SzakdolgozatGRPCAdminKliens.csproj", "{B94EE69F-DFD4-41C3-BE0B-BE23D1AAB352}"
EndProject
Global
	GlobalSection(SolutionConfigurationPlatforms) = preSolution
		Debug|Any CPU = Debug|Any CPU
		Release|Any CPU = Release|Any CPU
	EndGlobalSection
	GlobalSection(ProjectConfigurationPlatforms) = postSolution
		{B94EE69F-DFD4-41C3-BE0B-BE23D1AAB352}.Debug|Any CPU.ActiveCfg = Debug|Any CPU
		{B94EE69F-DFD4-41C3-BE0B-BE23D1AAB352}.Debug|Any CPU.Build.0 = Debug|Any CPU
		{B94EE69F-DFD4-41C3-BE0B-BE23D1AAB352}.Release|Any CPU.ActiveCfg = Release|Any CPU
		{B94EE69F-DFD4-41C3-BE0B-BE23D1AAB352}.Release|Any CPU.Build.0 = Release|Any CPU
	EndGlobalSection
	GlobalSection(SolutionProperties) = preSolution
		HideSolutionNode = FALSE
	EndGlobalSection
	GlobalSection(ExtensibilityGlobals) = postSolution
		SolutionGuid = {640D5EA1-A641-4EAC-9507-6D22B4D81365}
	EndGlobalSection
EndGlobal
